
Microsoft Visual Studio Solution File, Format Version 12.00
# Visual Studio Version 17
VisualStudioVersion = 17.8.34330.188
MinimumVisualStudioVersion = 10.0.40219.1
Project("{FAE04EC0-301F-11D3-BF4B-00C04F79EFBC}") = "FinanceControlSystem.UI", "FinanceControlSystem.UI\FinanceControlSystem.UI.csproj", "{F85FEE5A-912E-482B-82BF-5A3ED0F845A9}"
EndProject
Project("{FAE04EC0-301F-11D3-BF4B-00C04F79EFBC}") = "FinanceControlSystem.Logic", "FinanceControlSystem.Logic\FinanceControlSystem.Logic.csproj", "{A8CB5160-1EC4-47F8-BE4F-792761CC4B9F}"
EndProject
Global
	GlobalSection(SolutionConfigurationPlatforms) = preSolution
		Debug|Any CPU = Debug|Any CPU
		Release|Any CPU = Release|Any CPU
	EndGlobalSection
	GlobalSection(ProjectConfigurationPlatforms) = postSolution
		{F85FEE5A-912E-482B-82BF-5A3ED0F845A9}.Debug|Any CPU.ActiveCfg = Debug|Any CPU
		{F85FEE5A-912E-482B-82BF-5A3ED0F845A9}.Debug|Any CPU.Build.0 = Debug|Any CPU
		{F85FEE5A-912E-482B-82BF-5A3ED0F845A9}.Release|Any CPU.ActiveCfg = Release|Any CPU
		{F85FEE5A-912E-482B-82BF-5A3ED0F845A9}.Release|Any CPU.Build.0 = Release|Any CPU
		{A8CB5160-1EC4-47F8-BE4F-792761CC4B9F}.Debug|Any CPU.ActiveCfg = Debug|Any CPU
		{A8CB5160-1EC4-47F8-BE4F-792761CC4B9F}.Debug|Any CPU.Build.0 = Debug|Any CPU
		{A8CB5160-1EC4-47F8-BE4F-792761CC4B9F}.Release|Any CPU.ActiveCfg = Release|Any CPU
		{A8CB5160-1EC4-47F8-BE4F-792761CC4B9F}.Release|Any CPU.Build.0 = Release|Any CPU
	EndGlobalSection
	GlobalSection(SolutionProperties) = preSolution
		HideSolutionNode = FALSE
	EndGlobalSection
	GlobalSection(ExtensibilityGlobals) = postSolution
		SolutionGuid = {A2D0A640-0545-43D0-B604-F839BA221035}
	EndGlobalSection
EndGlobal
